// !$*UTF8*$!
{
	archiveVersion = 1;
	classes = {
	};
	objectVersion = 50;
	objects = {

/* Begin PBXBuildFile section */
		061C2FD32530F107001D610C /* PostTVC.swift in Sources */ = {isa = PBXBuildFile; fileRef = 061C2FD22530F107001D610C /* PostTVC.swift */; };
		0640932F2530D38E002D3620 /* AppDelegate.swift in Sources */ = {isa = PBXBuildFile; fileRef = 0640932E2530D38E002D3620 /* AppDelegate.swift */; };
		064093332530D390002D3620 /* Assets.xcassets in Resources */ = {isa = PBXBuildFile; fileRef = 064093322530D390002D3620 /* Assets.xcassets */; };
		064093362530D390002D3620 /* LaunchScreen.storyboard in Resources */ = {isa = PBXBuildFile; fileRef = 064093342530D390002D3620 /* LaunchScreen.storyboard */; };
		067E73752530DB2700ED7334 /* BaseWireframe.swift in Sources */ = {isa = PBXBuildFile; fileRef = 067E736A2530DB2700ED7334 /* BaseWireframe.swift */; };
		067E73792530DB2700ED7334 /* UIStoryboardExtension.swift in Sources */ = {isa = PBXBuildFile; fileRef = 067E736E2530DB2700ED7334 /* UIStoryboardExtension.swift */; };
		06E5AD2B2530DE39000D569B /* Posts.storyboard in Resources */ = {isa = PBXBuildFile; fileRef = 06E5AD222530DE39000D569B /* Posts.storyboard */; };
		06E5AD2C2530DE39000D569B /* PostsAPIsDataManager.swift in Sources */ = {isa = PBXBuildFile; fileRef = 06E5AD232530DE39000D569B /* PostsAPIsDataManager.swift */; };
		06E5AD2D2530DE39000D569B /* PostsPresenter.swift in Sources */ = {isa = PBXBuildFile; fileRef = 06E5AD242530DE39000D569B /* PostsPresenter.swift */; };
		06E5AD2E2530DE39000D569B /* PostsLocalDataManager.swift in Sources */ = {isa = PBXBuildFile; fileRef = 06E5AD252530DE39000D569B /* PostsLocalDataManager.swift */; };
		06E5AD2F2530DE39000D569B /* PostsProtocols.swift in Sources */ = {isa = PBXBuildFile; fileRef = 06E5AD262530DE39000D569B /* PostsProtocols.swift */; };
		06E5AD302530DE39000D569B /* PostsInteractor.swift in Sources */ = {isa = PBXBuildFile; fileRef = 06E5AD272530DE39000D569B /* PostsInteractor.swift */; };
		06E5AD312530DE39000D569B /* PostsVC.swift in Sources */ = {isa = PBXBuildFile; fileRef = 06E5AD282530DE39000D569B /* PostsVC.swift */; };
		06E5AD322530DE39000D569B /* PostsEntity.swift in Sources */ = {isa = PBXBuildFile; fileRef = 06E5AD292530DE39000D569B /* PostsEntity.swift */; };
		06E5AD332530DE39000D569B /* PostsWireframe.swift in Sources */ = {isa = PBXBuildFile; fileRef = 06E5AD2A2530DE39000D569B /* PostsWireframe.swift */; };
/* End PBXBuildFile section */

/* Begin PBXFileReference section */
		061C2FD22530F107001D610C /* PostTVC.swift */ = {isa = PBXFileReference; lastKnownFileType = sourcecode.swift; path = PostTVC.swift; sourceTree = "<group>"; };
		0640932B2530D38E002D3620 /* VIPERSimpleAppCodeBased.app */ = {isa = PBXFileReference; explicitFileType = wrapper.application; includeInIndex = 0; path = VIPERSimpleAppCodeBased.app; sourceTree = BUILT_PRODUCTS_DIR; };
		0640932E2530D38E002D3620 /* AppDelegate.swift */ = {isa = PBXFileReference; lastKnownFileType = sourcecode.swift; path = AppDelegate.swift; sourceTree = "<group>"; };
		064093322530D390002D3620 /* Assets.xcassets */ = {isa = PBXFileReference; lastKnownFileType = folder.assetcatalog; path = Assets.xcassets; sourceTree = "<group>"; };
		064093352530D390002D3620 /* Base */ = {isa = PBXFileReference; lastKnownFileType = file.storyboard; name = Base; path = Base.lproj/LaunchScreen.storyboard; sourceTree = "<group>"; };
		064093372530D390002D3620 /* Info.plist */ = {isa = PBXFileReference; lastKnownFileType = text.plist.xml; path = Info.plist; sourceTree = "<group>"; };
		067E736A2530DB2700ED7334 /* BaseWireframe.swift */ = {isa = PBXFileReference; lastKnownFileType = sourcecode.swift; path = BaseWireframe.swift; sourceTree = "<group>"; };
		067E736E2530DB2700ED7334 /* UIStoryboardExtension.swift */ = {isa = PBXFileReference; lastKnownFileType = sourcecode.swift; path = UIStoryboardExtension.swift; sourceTree = "<group>"; };
		06E5AD222530DE39000D569B /* Posts.storyboard */ = {isa = PBXFileReference; lastKnownFileType = file.storyboard; path = Posts.storyboard; sourceTree = "<group>"; };
		06E5AD232530DE39000D569B /* PostsAPIsDataManager.swift */ = {isa = PBXFileReference; lastKnownFileType = sourcecode.swift; path = PostsAPIsDataManager.swift; sourceTree = "<group>"; };
		06E5AD242530DE39000D569B /* PostsPresenter.swift */ = {isa = PBXFileReference; lastKnownFileType = sourcecode.swift; path = PostsPresenter.swift; sourceTree = "<group>"; };
		06E5AD252530DE39000D569B /* PostsLocalDataManager.swift */ = {isa = PBXFileReference; lastKnownFileType = sourcecode.swift; path = PostsLocalDataManager.swift; sourceTree = "<group>"; };
		06E5AD262530DE39000D569B /* PostsProtocols.swift */ = {isa = PBXFileReference; lastKnownFileType = sourcecode.swift; path = PostsProtocols.swift; sourceTree = "<group>"; };
		06E5AD272530DE39000D569B /* PostsInteractor.swift */ = {isa = PBXFileReference; lastKnownFileType = sourcecode.swift; path = PostsInteractor.swift; sourceTree = "<group>"; };
		06E5AD282530DE39000D569B /* PostsVC.swift */ = {isa = PBXFileReference; lastKnownFileType = sourcecode.swift; path = PostsVC.swift; sourceTree = "<group>"; };
		06E5AD292530DE39000D569B /* PostsEntity.swift */ = {isa = PBXFileReference; lastKnownFileType = sourcecode.swift; path = PostsEntity.swift; sourceTree = "<group>"; };
		06E5AD2A2530DE39000D569B /* PostsWireframe.swift */ = {isa = PBXFileReference; lastKnownFileType = sourcecode.swift; path = PostsWireframe.swift; sourceTree = "<group>"; };
/* End PBXFileReference section */

/* Begin PBXFrameworksBuildPhase section */
		064093282530D38E002D3620 /* Frameworks */ = {
			isa = PBXFrameworksBuildPhase;
			buildActionMask = 2147483647;
			files = (
			);
			runOnlyForDeploymentPostprocessing = 0;
		};
/* End PBXFrameworksBuildPhase section */

/* Begin PBXGroup section */
		064093222530D38E002D3620 = {
			isa = PBXGroup;
			children = (
				0640932D2530D38E002D3620 /* VIPERSimpleAppCodeBased */,
				0640932C2530D38E002D3620 /* Products */,
			);
			sourceTree = "<group>";
		};
		0640932C2530D38E002D3620 /* Products */ = {
			isa = PBXGroup;
			children = (
				0640932B2530D38E002D3620 /* VIPERSimpleAppCodeBased.app */,
			);
			name = Products;
			sourceTree = "<group>";
		};
		0640932D2530D38E002D3620 /* VIPERSimpleAppCodeBased */ = {
			isa = PBXGroup;
			children = (
				06E79B152530D66500F70E69 /* App */,
				06E79B192530D81B00F70E69 /* Scenes */,
				06E79B322530D88000F70E69 /* Utillites */,
				06E79B172530D69000F70E69 /* Resource */,
				06E79B182530D6A900F70E69 /* Configuration */,
				06E79B312530D87000F70E69 /* SupportingFiles */,
			);
			path = VIPERSimpleAppCodeBased;
			sourceTree = "<group>";
		};
		06E5AD342530DE40000D569B /* VCs */ = {
			isa = PBXGroup;
			children = (
				06E5AD282530DE39000D569B /* PostsVC.swift */,
				061C2FD22530F107001D610C /* PostTVC.swift */,
			);
			path = VCs;
			sourceTree = "<group>";
		};
		06E5AD352530DE58000D569B /* Presenter */ = {
			isa = PBXGroup;
			children = (
				06E5AD242530DE39000D569B /* PostsPresenter.swift */,
			);
			path = Presenter;
			sourceTree = "<group>";
		};
		06E5AD362530DE6C000D569B /* Interactor */ = {
			isa = PBXGroup;
			children = (
				06E5AD272530DE39000D569B /* PostsInteractor.swift */,
			);
			path = Interactor;
			sourceTree = "<group>";
		};
		06E5AD372530DE7E000D569B /* Wireframe */ = {
			isa = PBXGroup;
			children = (
				06E5AD2A2530DE39000D569B /* PostsWireframe.swift */,
			);
			path = Wireframe;
			sourceTree = "<group>";
		};
		06E5AD382530DE8D000D569B /* Protocols */ = {
			isa = PBXGroup;
			children = (
				06E5AD262530DE39000D569B /* PostsProtocols.swift */,
			);
			path = Protocols;
			sourceTree = "<group>";
		};
		06E5AD392530DE9E000D569B /* Entity */ = {
			isa = PBXGroup;
			children = (
				06E5AD292530DE39000D569B /* PostsEntity.swift */,
			);
			path = Entity;
			sourceTree = "<group>";
		};
		06E5AD3A2530DEAF000D569B /* Services */ = {
			isa = PBXGroup;
			children = (
				06E5AD3C2530DEC6000D569B /* Databbse */,
				06E5AD3B2530DEB9000D569B /* Network */,
			);
			path = Services;
			sourceTree = "<group>";
		};
		06E5AD3B2530DEB9000D569B /* Network */ = {
			isa = PBXGroup;
			children = (
				06E5AD232530DE39000D569B /* PostsAPIsDataManager.swift */,
			);
			path = Network;
			sourceTree = "<group>";
		};
		06E5AD3C2530DEC6000D569B /* Databbse */ = {
			isa = PBXGroup;
			children = (
				06E5AD252530DE39000D569B /* PostsLocalDataManager.swift */,
			);
			path = Databbse;
			sourceTree = "<group>";
		};
		06E79B152530D66500F70E69 /* App */ = {
			isa = PBXGroup;
			children = (
				0640932E2530D38E002D3620 /* AppDelegate.swift */,
				064093342530D390002D3620 /* LaunchScreen.storyboard */,
			);
			path = App;
			sourceTree = "<group>";
		};
		06E79B172530D69000F70E69 /* Resource */ = {
			isa = PBXGroup;
			children = (
				064093322530D390002D3620 /* Assets.xcassets */,
			);
			path = Resource;
			sourceTree = "<group>";
		};
		06E79B182530D6A900F70E69 /* Configuration */ = {
			isa = PBXGroup;
			children = (
				064093372530D390002D3620 /* Info.plist */,
			);
			path = Configuration;
			sourceTree = "<group>";
		};
		06E79B192530D81B00F70E69 /* Scenes */ = {
			isa = PBXGroup;
			children = (
				06E79B1A2530D84900F70E69 /* Posts */,
			);
			path = Scenes;
			sourceTree = "<group>";
		};
		06E79B1A2530D84900F70E69 /* Posts */ = {
			isa = PBXGroup;
			children = (
				06E5AD222530DE39000D569B /* Posts.storyboard */,
				06E5AD342530DE40000D569B /* VCs */,
				06E5AD352530DE58000D569B /* Presenter */,
				06E5AD362530DE6C000D569B /* Interactor */,
				06E5AD372530DE7E000D569B /* Wireframe */,
				06E5AD382530DE8D000D569B /* Protocols */,
				06E5AD3A2530DEAF000D569B /* Services */,
				06E5AD392530DE9E000D569B /* Entity */,
			);
			path = Posts;
			sourceTree = "<group>";
		};
		06E79B312530D87000F70E69 /* SupportingFiles */ = {
			isa = PBXGroup;
			children = (
			);
			path = SupportingFiles;
			sourceTree = "<group>";
		};
		06E79B322530D88000F70E69 /* Utillites */ = {
			isa = PBXGroup;
			children = (
				067E736E2530DB2700ED7334 /* UIStoryboardExtension.swift */,
				067E736A2530DB2700ED7334 /* BaseWireframe.swift */,
			);
			path = Utillites;
			sourceTree = "<group>";
		};
/* End PBXGroup section */

/* Begin PBXNativeTarget section */
		0640932A2530D38E002D3620 /* VIPERSimpleAppCodeBased */ = {
			isa = PBXNativeTarget;
			buildConfigurationList = 0640933A2530D390002D3620 /* Build configuration list for PBXNativeTarget "VIPERSimpleAppCodeBased" */;
			buildPhases = (
				064093272530D38E002D3620 /* Sources */,
				064093282530D38E002D3620 /* Frameworks */,
				064093292530D38E002D3620 /* Resources */,
			);
			buildRules = (
			);
			dependencies = (
			);
			name = VIPERSimpleAppCodeBased;
			productName = VIPERSimpleAppCodeBased;
			productReference = 0640932B2530D38E002D3620 /* VIPERSimpleAppCodeBased.app */;
			productType = "com.apple.product-type.application";
		};
/* End PBXNativeTarget section */

/* Begin PBXProject section */
		064093232530D38E002D3620 /* Project object */ = {
			isa = PBXProject;
			attributes = {
				LastSwiftUpdateCheck = 1130;
				LastUpgradeCheck = 1130;
				ORGANIZATIONNAME = MostafaAbdElFatah;
				TargetAttributes = {
					0640932A2530D38E002D3620 = {
						CreatedOnToolsVersion = 11.3.1;
					};
				};
			};
			buildConfigurationList = 064093262530D38E002D3620 /* Build configuration list for PBXProject "VIPERSimpleAppCodeBased" */;
			compatibilityVersion = "Xcode 9.3";
			developmentRegion = en;
			hasScannedForEncodings = 0;
			knownRegions = (
				en,
				Base,
			);
			mainGroup = 064093222530D38E002D3620;
			productRefGroup = 0640932C2530D38E002D3620 /* Products */;
			projectDirPath = "";
			projectRoot = "";
			targets = (
				0640932A2530D38E002D3620 /* VIPERSimpleAppCodeBased */,
			);
		};
/* End PBXProject section */

/* Begin PBXResourcesBuildPhase section */
		064093292530D38E002D3620 /* Resources */ = {
			isa = PBXResourcesBuildPhase;
			buildActionMask = 2147483647;
			files = (
				06E5AD2B2530DE39000D569B /* Posts.storyboard in Resources */,
				064093332530D390002D3620 /* Assets.xcassets in Resources */,
				064093362530D390002D3620 /* LaunchScreen.storyboard in Resources */,
			);
			runOnlyForDeploymentPostprocessing = 0;
		};
/* End PBXResourcesBuildPhase section */

/* Begin PBXSourcesBuildPhase section */
		064093272530D38E002D3620 /* Sources */ = {
			isa = PBXSourcesBuildPhase;
			buildActionMask = 2147483647;
			files = (
				06E5AD2C2530DE39000D569B /* PostsAPIsDataManager.swift in Sources */,
				067E73752530DB2700ED7334 /* BaseWireframe.swift in Sources */,
				06E5AD2E2530DE39000D569B /* PostsLocalDataManager.swift in Sources */,
				0640932F2530D38E002D3620 /* AppDelegate.swift in Sources */,
				06E5AD2F2530DE39000D569B /* PostsProtocols.swift in Sources */,
				06E5AD332530DE39000D569B /* PostsWireframe.swift in Sources */,
				06E5AD302530DE39000D569B /* PostsInteractor.swift in Sources */,
				061C2FD32530F107001D610C /* PostTVC.swift in Sources */,
				06E5AD322530DE39000D569B /* PostsEntity.swift in Sources */,
				06E5AD2D2530DE39000D569B /* PostsPresenter.swift in Sources */,
				06E5AD312530DE39000D569B /* PostsVC.swift in Sources */,
				067E73792530DB2700ED7334 /* UIStoryboardExtension.swift in Sources */,
			);
			runOnlyForDeploymentPostprocessing = 0;
		};
/* End PBXSourcesBuildPhase section */

/* Begin PBXVariantGroup section */
		064093342530D390002D3620 /* LaunchScreen.storyboard */ = {
			isa = PBXVariantGroup;
			children = (
				064093352530D390002D3620 /* Base */,
			);
			name = LaunchScreen.storyboard;
			sourceTree = "<group>";
		};
/* End PBXVariantGroup section */

/* Begin XCBuildConfiguration section */
		064093382530D390002D3620 /* Debug */ = {
			isa = XCBuildConfiguration;
			buildSettings = {
				ALWAYS_SEARCH_USER_PATHS = NO;
				CLANG_ANALYZER_NONNULL = YES;
				CLANG_ANALYZER_NUMBER_OBJECT_CONVERSION = YES_AGGRESSIVE;
				CLANG_CXX_LANGUAGE_STANDARD = "gnu++14";
				CLANG_CXX_LIBRARY = "libc++";
				CLANG_ENABLE_MODULES = YES;
				CLANG_ENABLE_OBJC_ARC = YES;
				CLANG_ENABLE_OBJC_WEAK = YES;
				CLANG_WARN_BLOCK_CAPTURE_AUTORELEASING = YES;
				CLANG_WARN_BOOL_CONVERSION = YES;
				CLANG_WARN_COMMA = YES;
				CLANG_WARN_CONSTANT_CONVERSION = YES;
				CLANG_WARN_DEPRECATED_OBJC_IMPLEMENTATIONS = YES;
				CLANG_WARN_DIRECT_OBJC_ISA_USAGE = YES_ERROR;
				CLANG_WARN_DOCUMENTATION_COMMENTS = YES;
				CLANG_WARN_EMPTY_BODY = YES;
				CLANG_WARN_ENUM_CONVERSION = YES;
				CLANG_WARN_INFINITE_RECURSION = YES;
				CLANG_WARN_INT_CONVERSION = YES;
				CLANG_WARN_NON_LITERAL_NULL_CONVERSION = YES;
				CLANG_WARN_OBJC_IMPLICIT_RETAIN_SELF = YES;
				CLANG_WARN_OBJC_LITERAL_CONVERSION = YES;
				CLANG_WARN_OBJC_ROOT_CLASS = YES_ERROR;
				CLANG_WARN_RANGE_LOOP_ANALYSIS = YES;
				CLANG_WARN_STRICT_PROTOTYPES = YES;
				CLANG_WARN_SUSPICIOUS_MOVE = YES;
				CLANG_WARN_UNGUARDED_AVAILABILITY = YES_AGGRESSIVE;
				CLANG_WARN_UNREACHABLE_CODE = YES;
				CLANG_WARN__DUPLICATE_METHOD_MATCH = YES;
				COPY_PHASE_STRIP = NO;
				DEBUG_INFORMATION_FORMAT = dwarf;
				ENABLE_STRICT_OBJC_MSGSEND = YES;
				ENABLE_TESTABILITY = YES;
				GCC_C_LANGUAGE_STANDARD = gnu11;
				GCC_DYNAMIC_NO_PIC = NO;
				GCC_NO_COMMON_BLOCKS = YES;
				GCC_OPTIMIZATION_LEVEL = 0;
				GCC_PREPROCESSOR_DEFINITIONS = (
					"DEBUG=1",
					"$(inherited)",
				);
				GCC_WARN_64_TO_32_BIT_CONVERSION = YES;
				GCC_WARN_ABOUT_RETURN_TYPE = YES_ERROR;
				GCC_WARN_UNDECLARED_SELECTOR = YES;
				GCC_WARN_UNINITIALIZED_AUTOS = YES_AGGRESSIVE;
				GCC_WARN_UNUSED_FUNCTION = YES;
				GCC_WARN_UNUSED_VARIABLE = YES;
				IPHONEOS_DEPLOYMENT_TARGET = 13.2;
				MTL_ENABLE_DEBUG_INFO = INCLUDE_SOURCE;
				MTL_FAST_MATH = YES;
				ONLY_ACTIVE_ARCH = YES;
				SDKROOT = iphoneos;
				SWIFT_ACTIVE_COMPILATION_CONDITIONS = DEBUG;
				SWIFT_OPTIMIZATION_LEVEL = "-Onone";
			};
			name = Debug;
		};
		064093392530D390002D3620 /* Release */ = {
			isa = XCBuildConfiguration;
			buildSettings = {
				ALWAYS_SEARCH_USER_PATHS = NO;
				CLANG_ANALYZER_NONNULL = YES;
				CLANG_ANALYZER_NUMBER_OBJECT_CONVERSION = YES_AGGRESSIVE;
				CLANG_CXX_LANGUAGE_STANDARD = "gnu++14";
				CLANG_CXX_LIBRARY = "libc++";
				CLANG_ENABLE_MODULES = YES;
				CLANG_ENABLE_OBJC_ARC = YES;
				CLANG_ENABLE_OBJC_WEAK = YES;
				CLANG_WARN_BLOCK_CAPTURE_AUTORELEASING = YES;
				CLANG_WARN_BOOL_CONVERSION = YES;
				CLANG_WARN_COMMA = YES;
				CLANG_WARN_CONSTANT_CONVERSION = YES;
				CLANG_WARN_DEPRECATED_OBJC_IMPLEMENTATIONS = YES;
				CLANG_WARN_DIRECT_OBJC_ISA_USAGE = YES_ERROR;
				CLANG_WARN_DOCUMENTATION_COMMENTS = YES;
				CLANG_WARN_EMPTY_BODY = YES;
				CLANG_WARN_ENUM_CONVERSION = YES;
				CLANG_WARN_INFINITE_RECURSION = YES;
				CLANG_WARN_INT_CONVERSION = YES;
				CLANG_WARN_NON_LITERAL_NULL_CONVERSION = YES;
				CLANG_WARN_OBJC_IMPLICIT_RETAIN_SELF = YES;
				CLANG_WARN_OBJC_LITERAL_CONVERSION = YES;
				CLANG_WARN_OBJC_ROOT_CLASS = YES_ERROR;
				CLANG_WARN_RANGE_LOOP_ANALYSIS = YES;
				CLANG_WARN_STRICT_PROTOTYPES = YES;
				CLANG_WARN_SUSPICIOUS_MOVE = YES;
				CLANG_WARN_UNGUARDED_AVAILABILITY = YES_AGGRESSIVE;
				CLANG_WARN_UNREACHABLE_CODE = YES;
				CLANG_WARN__DUPLICATE_METHOD_MATCH = YES;
				COPY_PHASE_STRIP = NO;
				DEBUG_INFORMATION_FORMAT = "dwarf-with-dsym";
				ENABLE_NS_ASSERTIONS = NO;
				ENABLE_STRICT_OBJC_MSGSEND = YES;
				GCC_C_LANGUAGE_STANDARD = gnu11;
				GCC_NO_COMMON_BLOCKS = YES;
				GCC_WARN_64_TO_32_BIT_CONVERSION = YES;
				GCC_WARN_ABOUT_RETURN_TYPE = YES_ERROR;
				GCC_WARN_UNDECLARED_SELECTOR = YES;
				GCC_WARN_UNINITIALIZED_AUTOS = YES_AGGRESSIVE;
				GCC_WARN_UNUSED_FUNCTION = YES;
				GCC_WARN_UNUSED_VARIABLE = YES;
				IPHONEOS_DEPLOYMENT_TARGET = 13.2;
				MTL_ENABLE_DEBUG_INFO = NO;
				MTL_FAST_MATH = YES;
				SDKROOT = iphoneos;
				SWIFT_COMPILATION_MODE = wholemodule;
				SWIFT_OPTIMIZATION_LEVEL = "-O";
				VALIDATE_PRODUCT = YES;
			};
			name = Release;
		};
		0640933B2530D390002D3620 /* Debug */ = {
			isa = XCBuildConfiguration;
			buildSettings = {
				ASSETCATALOG_COMPILER_APPICON_NAME = AppIcon;
				CODE_SIGN_STYLE = Automatic;
				DEVELOPMENT_TEAM = Y699PM52F2;
				INFOPLIST_FILE = VIPERSimpleAppCodeBased/Configuration/Info.plist;
				LD_RUNPATH_SEARCH_PATHS = (
					"$(inherited)",
					"@executable_path/Frameworks",
				);
				PRODUCT_BUNDLE_IDENTIFIER = mostafa.com.VIPERSimpleAppCodeBased;
				PRODUCT_NAME = "$(TARGET_NAME)";
				SWIFT_VERSION = 5.0;
				TARGETED_DEVICE_FAMILY = "1,2";
			};
			name = Debug;
		};
		0640933C2530D390002D3620 /* Release */ = {
			isa = XCBuildConfiguration;
			buildSettings = {
				ASSETCATALOG_COMPILER_APPICON_NAME = AppIcon;
				CODE_SIGN_STYLE = Automatic;
				DEVELOPMENT_TEAM = Y699PM52F2;
				INFOPLIST_FILE = VIPERSimpleAppCodeBased/Configuration/Info.plist;
				LD_RUNPATH_SEARCH_PATHS = (
					"$(inherited)",
					"@executable_path/Frameworks",
				);
				PRODUCT_BUNDLE_IDENTIFIER = mostafa.com.VIPERSimpleAppCodeBased;
				PRODUCT_NAME = "$(TARGET_NAME)";
				SWIFT_VERSION = 5.0;
				TARGETED_DEVICE_FAMILY = "1,2";
			};
			name = Release;
		};
/* End XCBuildConfiguration section */

/* Begin XCConfigurationList section */
		064093262530D38E002D3620 /* Build configuration list for PBXProject "VIPERSimpleAppCodeBased" */ = {
			isa = XCConfigurationList;
			buildConfigurations = (
				064093382530D390002D3620 /* Debug */,
				064093392530D390002D3620 /* Release */,
			);
			defaultConfigurationIsVisible = 0;
			defaultConfigurationName = Release;
		};
		0640933A2530D390002D3620 /* Build configuration list for PBXNativeTarget "VIPERSimpleAppCodeBased" */ = {
			isa = XCConfigurationList;
			buildConfigurations = (
				0640933B2530D390002D3620 /* Debug */,
				0640933C2530D390002D3620 /* Release */,
			);
			defaultConfigurationIsVisible = 0;
			defaultConfigurationName = Release;
		};
/* End XCConfigurationList section */
	};
	rootObject = 064093232530D38E002D3620 /* Project object */;
}
